{
  "nodes": {
    "nixpkgs": {
      "locked": {
        "lastModified": 1739477607,
        "narHash": "sha256-QCqUFBKAZ883+sJMN7DmocJgJRjtYGku6jdq714Ae2g=",
        "owner": "nixos",
        "repo": "nixpkgs",
        "rev": "6c90ed6eee92d95aab886abc405804ebcbbd9710",
        "type": "github"
      },
      "original": {
        "owner": "nixos",
        "repo": "nixpkgs",
        "type": "github"
      }
    },
    "root": {
      "inputs": {
        "nixpkgs": "nixpkgs"
      }
    }
  },
  "root": "root",
  "version": 7
}
