{
  "nodes": {
    "nixpkgs": {
      "locked": {
        "lastModified": 1758707342,
        "narHash": "sha256-9Vn3S3crvNLMBatdSkUB69Z3IciqYYDdZ2Bd6I+fPTs=",
        "owner": "nixos",
        "repo": "nixpkgs",
        "rev": "320f897dda1247ca106c2305c623e781cadcb55d",
        "type": "github"
      },
      "original": {
        "owner": "nixos",
        "repo": "nixpkgs",
        "type": "github"
      }
    },
    "root": {
      "inputs": {
        "nixpkgs": "nixpkgs"
      }
    }
  },
  "root": "root",
  "version": 7
}
